<?xml version="1.0" encoding="utf-8"?>
<Project ToolsVersion="4.0" xmlns="http://schemas.microsoft.com/developer/msbuild/2003">
  <ItemGroup>
    <ClCompile Include="main.cpp" />
    <ClCompile Include="glm\glm.c">
      <Filter>glm</Filter>
    </ClCompile>
    <ClCompile Include="glm\glm_util.c">
      <Filter>glm</Filter>
    </ClCompile>
    <ClCompile Include="glm\glmimg.c">
      <Filter>glm</Filter>
    </ClCompile>
    <ClCompile Include="glm\glmimg_devil.c">
      <Filter>glm</Filter>
    </ClCompile>
    <ClCompile Include="glm\glmimg_jpg.c">
      <Filter>glm</Filter>
    </ClCompile>
    <ClCompile Include="glm\glmimg_png.c">
      <Filter>glm</Filter>
    </ClCompile>
    <ClCompile Include="glm\glmimg_sdl.c">
      <Filter>glm</Filter>
    </ClCompile>
    <ClCompile Include="glm\glmimg_sim.c">
      <Filter>glm</Filter>
    </ClCompile>
  </ItemGroup>
  <ItemGroup>
    <ClInclude Include="..\shader_lib\shader.h" />
    <ClInclude Include="glm\glm.h">
      <Filter>glm</Filter>
    </ClInclude>
    <ClInclude Include="glm\glmint.h">
      <Filter>glm</Filter>
    </ClInclude>
    <ClInclude Include="glm_helper.h" />
  </ItemGroup>
  <ItemGroup>
    <Filter Include="glm">
      <UniqueIdentifier>{d3bbf9ce-72a4-4deb-a27c-9173f980d293}</UniqueIdentifier>
    </Filter>
  </ItemGroup>
  <ItemGroup>
    <None Include="Shaders\hw3.frag" />
    <None Include="Shaders\hw3.vert" />
  </ItemGroup>
</Project>